{
  "nodes": {
    "flake-utils": {
      "locked": {
        "lastModified": 1659877975,
        "narHash": "sha256-zllb8aq3YO3h8B/U0/J1WBgAL8EX5yWf5pMj3G0NAmc=",
        "owner": "numtide",
        "repo": "flake-utils",
        "rev": "c0e246b9b83f637f4681389ecabcb2681b4f3af0",
        "type": "github"
      },
      "original": {
        "owner": "numtide",
        "repo": "flake-utils",
        "rev": "c0e246b9b83f637f4681389ecabcb2681b4f3af0",
        "type": "github"
      }
    },
    "flake-utils_2": {
      "locked": {
        "lastModified": 1659877975,
        "narHash": "sha256-zllb8aq3YO3h8B/U0/J1WBgAL8EX5yWf5pMj3G0NAmc=",
        "owner": "numtide",
        "repo": "flake-utils",
        "rev": "c0e246b9b83f637f4681389ecabcb2681b4f3af0",
        "type": "github"
      },
      "original": {
        "owner": "numtide",
        "repo": "flake-utils",
        "type": "github"
      }
    },
    "nixpkgs": {
      "locked": {
        "lastModified": 1665219802,
        "narHash": "sha256-afaw+1E4vY7P4NEDzfkxNMptt76nF42vWFfSsuElC10=",
        "owner": "nixos",
        "repo": "nixpkgs",
        "rev": "8ac9f68aa4b7d2d5b1d3628855e1f27a93c15127",
        "type": "github"
      },
      "original": {
        "owner": "nixos",
        "repo": "nixpkgs",
        "rev": "8ac9f68aa4b7d2d5b1d3628855e1f27a93c15127",
        "type": "github"
      }
    },
    "root": {
      "inputs": {
        "flake-utils": "flake-utils",
        "nixpkgs": "nixpkgs",
        "sbt-derivation": "sbt-derivation"
      }
    },
    "sbt-derivation": {
      "inputs": {
        "flake-utils": "flake-utils_2",
        "nixpkgs": [
          "nixpkgs"
        ]
      },
      "locked": {
        "lastModified": 1661851117,
        "narHash": "sha256-B+VK8hu1PIg6n54Sz7sVFM3LclRAzu+lJPwe9JAK8RI=",
        "owner": "zaninime",
        "repo": "sbt-derivation",
        "rev": "fe0044d2cd351f4d6257956cde3a2ef633d33616",
        "type": "github"
      },
      "original": {
        "owner": "zaninime",
        "repo": "sbt-derivation",
        "rev": "fe0044d2cd351f4d6257956cde3a2ef633d33616",
        "type": "github"
      }
    }
  },
  "root": "root",
  "version": 7
}
